
Microsoft Visual Studio Solution File, Format Version 12.00
# Visual Studio Version 17
VisualStudioVersion = 17.0.31903.59
MinimumVisualStudioVersion = 10.0.40219.1
Project("{2150E333-8FDC-42A3-9474-1A3956D46DE8}") = "src", "src", "{2860FD4D-510F-43C8-870E-5559B90D0CAD}"
	ProjectSection(SolutionItems) = preProject
		src\Directory.Build.props = src\Directory.Build.props
	EndProjectSection
EndProject
Project("{2150E333-8FDC-42A3-9474-1A3956D46DE8}") = "test", "test", "{50434E05-0F21-4871-AFB3-A483CEE4A300}"
EndProject
Project("{9A19103F-16F7-4668-BE54-9A1E7A4F7556}") = "Deveel.Repository.Core", "src\Deveel.Repository.Core\Deveel.Repository.Core.csproj", "{EA6BBF15-2CFB-428F-80CB-9CEC546900CD}"
EndProject
Project("{9A19103F-16F7-4668-BE54-9A1E7A4F7556}") = "Deveel.Repository.Filters.XUnit", "test\Deveel.Repository.Filters.XUnit\Deveel.Repository.Filters.XUnit.csproj", "{FADABC0A-6F56-4A98-ACBD-EC0184B16A1F}"
EndProject
Project("{9A19103F-16F7-4668-BE54-9A1E7A4F7556}") = "Deveel.Repository.InMemory", "src\Deveel.Repository.InMemory\Deveel.Repository.InMemory.csproj", "{E2E38FDD-69EB-4071-AD7B-59B6C01A8194}"
EndProject
Project("{9A19103F-16F7-4668-BE54-9A1E7A4F7556}") = "Deveel.Repository.InMemory.XUnit", "test\Deveel.Repository.InMemory.XUnit\Deveel.Repository.InMemory.XUnit.csproj", "{7D4BA787-5ACB-45D1-A792-0464BFC7BA3F}"
EndProject
Project("{9A19103F-16F7-4668-BE54-9A1E7A4F7556}") = "Deveel.Repository.MongoFramework", "src\Deveel.Repsotiory.MongoFramework\Deveel.Repository.MongoFramework.csproj", "{84B44852-631C-453C-8CCD-9C649814DC79}"
EndProject
Project("{9A19103F-16F7-4668-BE54-9A1E7A4F7556}") = "Deveel.Repository.MongoFramework.XUnit", "test\Deveel.Repository.MongoFramework.XUnit\Deveel.Repository.MongoFramework.XUnit.csproj", "{DE6078FD-4A73-4819-B505-EA4871F40991}"
EndProject
Project("{9A19103F-16F7-4668-BE54-9A1E7A4F7556}") = "Deveel.Repository.DynamicLinq", "src\Deveel.Repository.DynamicLinq\Deveel.Repository.DynamicLinq.csproj", "{8B09EBB3-F8D5-483D-AFD6-FCCC5F186324}"
EndProject
Project("{2150E333-8FDC-42A3-9474-1A3956D46DE8}") = "SolutionItems", "SolutionItems", "{603E47A0-B1D9-4B4D-AEA7-2E9272CE5C87}"
EndProject
Global
	GlobalSection(SolutionConfigurationPlatforms) = preSolution
		Debug|Any CPU = Debug|Any CPU
		Release|Any CPU = Release|Any CPU
	EndGlobalSection
	GlobalSection(ProjectConfigurationPlatforms) = postSolution
		{EA6BBF15-2CFB-428F-80CB-9CEC546900CD}.Debug|Any CPU.ActiveCfg = Debug|Any CPU
		{EA6BBF15-2CFB-428F-80CB-9CEC546900CD}.Debug|Any CPU.Build.0 = Debug|Any CPU
		{EA6BBF15-2CFB-428F-80CB-9CEC546900CD}.Release|Any CPU.ActiveCfg = Release|Any CPU
		{EA6BBF15-2CFB-428F-80CB-9CEC546900CD}.Release|Any CPU.Build.0 = Release|Any CPU
		{FADABC0A-6F56-4A98-ACBD-EC0184B16A1F}.Debug|Any CPU.ActiveCfg = Debug|Any CPU
		{FADABC0A-6F56-4A98-ACBD-EC0184B16A1F}.Debug|Any CPU.Build.0 = Debug|Any CPU
		{FADABC0A-6F56-4A98-ACBD-EC0184B16A1F}.Release|Any CPU.ActiveCfg = Release|Any CPU
		{FADABC0A-6F56-4A98-ACBD-EC0184B16A1F}.Release|Any CPU.Build.0 = Release|Any CPU
		{E2E38FDD-69EB-4071-AD7B-59B6C01A8194}.Debug|Any CPU.ActiveCfg = Debug|Any CPU
		{E2E38FDD-69EB-4071-AD7B-59B6C01A8194}.Debug|Any CPU.Build.0 = Debug|Any CPU
		{E2E38FDD-69EB-4071-AD7B-59B6C01A8194}.Release|Any CPU.ActiveCfg = Release|Any CPU
		{E2E38FDD-69EB-4071-AD7B-59B6C01A8194}.Release|Any CPU.Build.0 = Release|Any CPU
		{7D4BA787-5ACB-45D1-A792-0464BFC7BA3F}.Debug|Any CPU.ActiveCfg = Debug|Any CPU
		{7D4BA787-5ACB-45D1-A792-0464BFC7BA3F}.Debug|Any CPU.Build.0 = Debug|Any CPU
		{7D4BA787-5ACB-45D1-A792-0464BFC7BA3F}.Release|Any CPU.ActiveCfg = Release|Any CPU
		{7D4BA787-5ACB-45D1-A792-0464BFC7BA3F}.Release|Any CPU.Build.0 = Release|Any CPU
		{84B44852-631C-453C-8CCD-9C649814DC79}.Debug|Any CPU.ActiveCfg = Debug|Any CPU
		{84B44852-631C-453C-8CCD-9C649814DC79}.Debug|Any CPU.Build.0 = Debug|Any CPU
		{84B44852-631C-453C-8CCD-9C649814DC79}.Release|Any CPU.ActiveCfg = Release|Any CPU
		{84B44852-631C-453C-8CCD-9C649814DC79}.Release|Any CPU.Build.0 = Release|Any CPU
		{DE6078FD-4A73-4819-B505-EA4871F40991}.Debug|Any CPU.ActiveCfg = Debug|Any CPU
		{DE6078FD-4A73-4819-B505-EA4871F40991}.Debug|Any CPU.Build.0 = Debug|Any CPU
		{DE6078FD-4A73-4819-B505-EA4871F40991}.Release|Any CPU.ActiveCfg = Release|Any CPU
		{DE6078FD-4A73-4819-B505-EA4871F40991}.Release|Any CPU.Build.0 = Release|Any CPU
		{8B09EBB3-F8D5-483D-AFD6-FCCC5F186324}.Debug|Any CPU.ActiveCfg = Debug|Any CPU
		{8B09EBB3-F8D5-483D-AFD6-FCCC5F186324}.Debug|Any CPU.Build.0 = Debug|Any CPU
		{8B09EBB3-F8D5-483D-AFD6-FCCC5F186324}.Release|Any CPU.ActiveCfg = Release|Any CPU
		{8B09EBB3-F8D5-483D-AFD6-FCCC5F186324}.Release|Any CPU.Build.0 = Release|Any CPU
	EndGlobalSection
	GlobalSection(SolutionProperties) = preSolution
		HideSolutionNode = FALSE
	EndGlobalSection
	GlobalSection(NestedProjects) = preSolution
		{EA6BBF15-2CFB-428F-80CB-9CEC546900CD} = {2860FD4D-510F-43C8-870E-5559B90D0CAD}
		{FADABC0A-6F56-4A98-ACBD-EC0184B16A1F} = {50434E05-0F21-4871-AFB3-A483CEE4A300}
		{E2E38FDD-69EB-4071-AD7B-59B6C01A8194} = {2860FD4D-510F-43C8-870E-5559B90D0CAD}
		{7D4BA787-5ACB-45D1-A792-0464BFC7BA3F} = {50434E05-0F21-4871-AFB3-A483CEE4A300}
		{84B44852-631C-453C-8CCD-9C649814DC79} = {2860FD4D-510F-43C8-870E-5559B90D0CAD}
		{DE6078FD-4A73-4819-B505-EA4871F40991} = {50434E05-0F21-4871-AFB3-A483CEE4A300}
		{8B09EBB3-F8D5-483D-AFD6-FCCC5F186324} = {2860FD4D-510F-43C8-870E-5559B90D0CAD}
	EndGlobalSection
	GlobalSection(ExtensibilityGlobals) = postSolution
		SolutionGuid = {01FD9B16-84B3-4D99-80C1-11B2F3D65B56}
	EndGlobalSection
EndGlobal
