
Microsoft Visual Studio Solution File, Format Version 12.00
# Visual Studio Version 17
VisualStudioVersion = 17.0.31903.59
MinimumVisualStudioVersion = 10.0.40219.1
Project("{2150E333-8FDC-42A3-9474-1A3956D46DE8}") = "src", "src", "{2860FD4D-510F-43C8-870E-5559B90D0CAD}"
	ProjectSection(SolutionItems) = preProject
		src\Directory.Build.props = src\Directory.Build.props
	EndProjectSection
EndProject
Project("{2150E333-8FDC-42A3-9474-1A3956D46DE8}") = "test", "test", "{50434E05-0F21-4871-AFB3-A483CEE4A300}"
	ProjectSection(SolutionItems) = preProject
		test\Directory.Build.props = test\Directory.Build.props
	EndProjectSection
EndProject
Project("{9A19103F-16F7-4668-BE54-9A1E7A4F7556}") = "Deveel.Repository.Core", "src\Deveel.Repository.Core\Deveel.Repository.Core.csproj", "{EA6BBF15-2CFB-428F-80CB-9CEC546900CD}"
EndProject
Project("{9A19103F-16F7-4668-BE54-9A1E7A4F7556}") = "Deveel.Repository.InMemory", "src\Deveel.Repository.InMemory\Deveel.Repository.InMemory.csproj", "{E2E38FDD-69EB-4071-AD7B-59B6C01A8194}"
EndProject
Project("{9A19103F-16F7-4668-BE54-9A1E7A4F7556}") = "Deveel.Repository.InMemory.XUnit", "test\Deveel.Repository.InMemory.XUnit\Deveel.Repository.InMemory.XUnit.csproj", "{7D4BA787-5ACB-45D1-A792-0464BFC7BA3F}"
EndProject
Project("{9A19103F-16F7-4668-BE54-9A1E7A4F7556}") = "Deveel.Repository.MongoFramework.XUnit", "test\Deveel.Repository.MongoFramework.XUnit\Deveel.Repository.MongoFramework.XUnit.csproj", "{DE6078FD-4A73-4819-B505-EA4871F40991}"
EndProject
Project("{9A19103F-16F7-4668-BE54-9A1E7A4F7556}") = "Deveel.Repository.DynamicLinq", "src\Deveel.Repository.DynamicLinq\Deveel.Repository.DynamicLinq.csproj", "{8B09EBB3-F8D5-483D-AFD6-FCCC5F186324}"
EndProject
Project("{9A19103F-16F7-4668-BE54-9A1E7A4F7556}") = "Deveel.Repository.MongoFramework", "src\Deveel.Repsotiory.MongoFramework\Deveel.Repository.MongoFramework.csproj", "{875580F4-BFDE-408D-BE06-AAB18E45A50B}"
EndProject
Project("{9A19103F-16F7-4668-BE54-9A1E7A4F7556}") = "Deveel.Repository.Test.Utils", "test\Deveel.Repository.Test.Utils\Deveel.Repository.Test.Utils.csproj", "{2EABF754-C498-4532-BB5C-A5F101E51013}"
EndProject
Project("{9A19103F-16F7-4668-BE54-9A1E7A4F7556}") = "Deveel.Repository.DynamicLinq.XUnit", "test\Deveel.Repository.DynamicLinq.XUnit\Deveel.Repository.DynamicLinq.XUnit.csproj", "{C1F3CFF0-50EC-4204-A987-7F950878AEFB}"
EndProject
Project("{9A19103F-16F7-4668-BE54-9A1E7A4F7556}") = "Deveel.Repository.Core.XUnit", "test\Deveel.Repository.Core.XUnit\Deveel.Repository.Core.XUnit.csproj", "{29D24A08-958D-4237-83BF-5C8E815D9F38}"
EndProject
Project("{9A19103F-16F7-4668-BE54-9A1E7A4F7556}") = "Deveel.Repository.EntityFramework", "src\Deveel.Repository.EntityFramework\Deveel.Repository.EntityFramework.csproj", "{7B2AD95A-DC06-4FDC-9545-448C4B7A554B}"
EndProject
Project("{9A19103F-16F7-4668-BE54-9A1E7A4F7556}") = "Deveel.Repository.EntityFramework.XUnit", "test\Deveel.Repository.EntityFramework.XUnit\Deveel.Repository.EntityFramework.XUnit.csproj", "{FAD909B7-94A9-4ECA-AA63-DF6C95188566}"
EndProject
Project("{9A19103F-16F7-4668-BE54-9A1E7A4F7556}") = "Deveel.Repository.Tests.XUnit", "test\Deveel.Repository.Tests.XUnit\Deveel.Repository.Tests.XUnit.csproj", "{201917F4-0557-46AE-B532-A4CC801AF5A7}"
EndProject
Project("{2150E333-8FDC-42A3-9474-1A3956D46DE8}") = "Solution Items", "Solution Items", "{E0CFA12B-8021-431C-8961-CC0E4AD8D664}"
	ProjectSection(SolutionItems) = preProject
		Deveel.Repository.licenseheader = Deveel.Repository.licenseheader
	EndProjectSection
EndProject
Project("{9A19103F-16F7-4668-BE54-9A1E7A4F7556}") = "Deveel.Repository.Manager", "src\Deveel.Repository.Manager\Deveel.Repository.Manager.csproj", "{C1029341-6EC0-4D83-AC9B-D4DA686237B4}"
EndProject
Project("{9A19103F-16F7-4668-BE54-9A1E7A4F7556}") = "Deveel.Repository.Manager.XUnit", "test\Deveel.Repository.Manager.XUnit\Deveel.Repository.Manager.XUnit.csproj", "{B63DFEE8-7964-4DC3-9DD5-8E11319B8EA9}"
EndProject
Project("{9A19103F-16F7-4668-BE54-9A1E7A4F7556}") = "Deveel.Repository.Manager.DynamicLinq", "src\Deveel.Repository.Manager.DynamicLinq\Deveel.Repository.Manager.DynamicLinq.csproj", "{638851EF-B000-490C-9035-A962279A3E9B}"
EndProject
Project("{9A19103F-16F7-4668-BE54-9A1E7A4F7556}") = "Deveel.Repository.Manager.EasyCaching", "src\Deveel.Repository.Manager.EasyCaching\Deveel.Repository.Manager.EasyCaching.csproj", "{84D55BE2-7DAD-4CA3-A3E2-EFB4D41FA3CA}"
EndProject
Project("{9A19103F-16F7-4668-BE54-9A1E7A4F7556}") = "Deveel.Repository.Manager.EasyCaching.XUnit", "test\Deveel.Repository.Manager.EasyCaching.XUnit\Deveel.Repository.Manager.EasyCaching.XUnit.csproj", "{F47C196B-758D-4C05-8918-FB63C61649EB}"
EndProject
Project("{FAE04EC0-301F-11D3-BF4B-00C04F79EFBC}") = "Deveel.Repository.Finbuckle.MultiTenant", "src\Deveel.Repository.Finbuckle.MultiTenant\Deveel.Repository.Finbuckle.MultiTenant.csproj", "{69E01D54-C430-4A1E-989E-5A61AB4C5B54}"
EndProject
Global
	GlobalSection(SolutionConfigurationPlatforms) = preSolution
		Debug|Any CPU = Debug|Any CPU
		Release|Any CPU = Release|Any CPU
	EndGlobalSection
	GlobalSection(ProjectConfigurationPlatforms) = postSolution
		{EA6BBF15-2CFB-428F-80CB-9CEC546900CD}.Debug|Any CPU.ActiveCfg = Debug|Any CPU
		{EA6BBF15-2CFB-428F-80CB-9CEC546900CD}.Debug|Any CPU.Build.0 = Debug|Any CPU
		{EA6BBF15-2CFB-428F-80CB-9CEC546900CD}.Release|Any CPU.ActiveCfg = Release|Any CPU
		{EA6BBF15-2CFB-428F-80CB-9CEC546900CD}.Release|Any CPU.Build.0 = Release|Any CPU
		{E2E38FDD-69EB-4071-AD7B-59B6C01A8194}.Debug|Any CPU.ActiveCfg = Debug|Any CPU
		{E2E38FDD-69EB-4071-AD7B-59B6C01A8194}.Debug|Any CPU.Build.0 = Debug|Any CPU
		{E2E38FDD-69EB-4071-AD7B-59B6C01A8194}.Release|Any CPU.ActiveCfg = Release|Any CPU
		{E2E38FDD-69EB-4071-AD7B-59B6C01A8194}.Release|Any CPU.Build.0 = Release|Any CPU
		{7D4BA787-5ACB-45D1-A792-0464BFC7BA3F}.Debug|Any CPU.ActiveCfg = Debug|Any CPU
		{7D4BA787-5ACB-45D1-A792-0464BFC7BA3F}.Debug|Any CPU.Build.0 = Debug|Any CPU
		{7D4BA787-5ACB-45D1-A792-0464BFC7BA3F}.Release|Any CPU.ActiveCfg = Release|Any CPU
		{7D4BA787-5ACB-45D1-A792-0464BFC7BA3F}.Release|Any CPU.Build.0 = Release|Any CPU
		{DE6078FD-4A73-4819-B505-EA4871F40991}.Debug|Any CPU.ActiveCfg = Debug|Any CPU
		{DE6078FD-4A73-4819-B505-EA4871F40991}.Debug|Any CPU.Build.0 = Debug|Any CPU
		{DE6078FD-4A73-4819-B505-EA4871F40991}.Release|Any CPU.ActiveCfg = Release|Any CPU
		{DE6078FD-4A73-4819-B505-EA4871F40991}.Release|Any CPU.Build.0 = Release|Any CPU
		{8B09EBB3-F8D5-483D-AFD6-FCCC5F186324}.Debug|Any CPU.ActiveCfg = Debug|Any CPU
		{8B09EBB3-F8D5-483D-AFD6-FCCC5F186324}.Debug|Any CPU.Build.0 = Debug|Any CPU
		{8B09EBB3-F8D5-483D-AFD6-FCCC5F186324}.Release|Any CPU.ActiveCfg = Release|Any CPU
		{8B09EBB3-F8D5-483D-AFD6-FCCC5F186324}.Release|Any CPU.Build.0 = Release|Any CPU
		{875580F4-BFDE-408D-BE06-AAB18E45A50B}.Debug|Any CPU.ActiveCfg = Debug|Any CPU
		{875580F4-BFDE-408D-BE06-AAB18E45A50B}.Debug|Any CPU.Build.0 = Debug|Any CPU
		{875580F4-BFDE-408D-BE06-AAB18E45A50B}.Release|Any CPU.ActiveCfg = Release|Any CPU
		{875580F4-BFDE-408D-BE06-AAB18E45A50B}.Release|Any CPU.Build.0 = Release|Any CPU
		{2EABF754-C498-4532-BB5C-A5F101E51013}.Debug|Any CPU.ActiveCfg = Debug|Any CPU
		{2EABF754-C498-4532-BB5C-A5F101E51013}.Debug|Any CPU.Build.0 = Debug|Any CPU
		{2EABF754-C498-4532-BB5C-A5F101E51013}.Release|Any CPU.ActiveCfg = Release|Any CPU
		{2EABF754-C498-4532-BB5C-A5F101E51013}.Release|Any CPU.Build.0 = Release|Any CPU
		{C1F3CFF0-50EC-4204-A987-7F950878AEFB}.Debug|Any CPU.ActiveCfg = Debug|Any CPU
		{C1F3CFF0-50EC-4204-A987-7F950878AEFB}.Debug|Any CPU.Build.0 = Debug|Any CPU
		{C1F3CFF0-50EC-4204-A987-7F950878AEFB}.Release|Any CPU.ActiveCfg = Release|Any CPU
		{C1F3CFF0-50EC-4204-A987-7F950878AEFB}.Release|Any CPU.Build.0 = Release|Any CPU
		{29D24A08-958D-4237-83BF-5C8E815D9F38}.Debug|Any CPU.ActiveCfg = Debug|Any CPU
		{29D24A08-958D-4237-83BF-5C8E815D9F38}.Debug|Any CPU.Build.0 = Debug|Any CPU
		{29D24A08-958D-4237-83BF-5C8E815D9F38}.Release|Any CPU.ActiveCfg = Release|Any CPU
		{29D24A08-958D-4237-83BF-5C8E815D9F38}.Release|Any CPU.Build.0 = Release|Any CPU
		{7B2AD95A-DC06-4FDC-9545-448C4B7A554B}.Debug|Any CPU.ActiveCfg = Debug|Any CPU
		{7B2AD95A-DC06-4FDC-9545-448C4B7A554B}.Debug|Any CPU.Build.0 = Debug|Any CPU
		{7B2AD95A-DC06-4FDC-9545-448C4B7A554B}.Release|Any CPU.ActiveCfg = Release|Any CPU
		{7B2AD95A-DC06-4FDC-9545-448C4B7A554B}.Release|Any CPU.Build.0 = Release|Any CPU
		{FAD909B7-94A9-4ECA-AA63-DF6C95188566}.Debug|Any CPU.ActiveCfg = Debug|Any CPU
		{FAD909B7-94A9-4ECA-AA63-DF6C95188566}.Debug|Any CPU.Build.0 = Debug|Any CPU
		{FAD909B7-94A9-4ECA-AA63-DF6C95188566}.Release|Any CPU.ActiveCfg = Release|Any CPU
		{FAD909B7-94A9-4ECA-AA63-DF6C95188566}.Release|Any CPU.Build.0 = Release|Any CPU
		{201917F4-0557-46AE-B532-A4CC801AF5A7}.Debug|Any CPU.ActiveCfg = Debug|Any CPU
		{201917F4-0557-46AE-B532-A4CC801AF5A7}.Debug|Any CPU.Build.0 = Debug|Any CPU
		{201917F4-0557-46AE-B532-A4CC801AF5A7}.Release|Any CPU.ActiveCfg = Release|Any CPU
		{201917F4-0557-46AE-B532-A4CC801AF5A7}.Release|Any CPU.Build.0 = Release|Any CPU
		{C1029341-6EC0-4D83-AC9B-D4DA686237B4}.Debug|Any CPU.ActiveCfg = Debug|Any CPU
		{C1029341-6EC0-4D83-AC9B-D4DA686237B4}.Debug|Any CPU.Build.0 = Debug|Any CPU
		{C1029341-6EC0-4D83-AC9B-D4DA686237B4}.Release|Any CPU.ActiveCfg = Release|Any CPU
		{C1029341-6EC0-4D83-AC9B-D4DA686237B4}.Release|Any CPU.Build.0 = Release|Any CPU
		{B63DFEE8-7964-4DC3-9DD5-8E11319B8EA9}.Debug|Any CPU.ActiveCfg = Debug|Any CPU
		{B63DFEE8-7964-4DC3-9DD5-8E11319B8EA9}.Debug|Any CPU.Build.0 = Debug|Any CPU
		{B63DFEE8-7964-4DC3-9DD5-8E11319B8EA9}.Release|Any CPU.ActiveCfg = Release|Any CPU
		{B63DFEE8-7964-4DC3-9DD5-8E11319B8EA9}.Release|Any CPU.Build.0 = Release|Any CPU
		{638851EF-B000-490C-9035-A962279A3E9B}.Debug|Any CPU.ActiveCfg = Debug|Any CPU
		{638851EF-B000-490C-9035-A962279A3E9B}.Debug|Any CPU.Build.0 = Debug|Any CPU
		{638851EF-B000-490C-9035-A962279A3E9B}.Release|Any CPU.ActiveCfg = Release|Any CPU
		{638851EF-B000-490C-9035-A962279A3E9B}.Release|Any CPU.Build.0 = Release|Any CPU
		{84D55BE2-7DAD-4CA3-A3E2-EFB4D41FA3CA}.Debug|Any CPU.ActiveCfg = Debug|Any CPU
		{84D55BE2-7DAD-4CA3-A3E2-EFB4D41FA3CA}.Debug|Any CPU.Build.0 = Debug|Any CPU
		{84D55BE2-7DAD-4CA3-A3E2-EFB4D41FA3CA}.Release|Any CPU.ActiveCfg = Release|Any CPU
		{84D55BE2-7DAD-4CA3-A3E2-EFB4D41FA3CA}.Release|Any CPU.Build.0 = Release|Any CPU
		{F47C196B-758D-4C05-8918-FB63C61649EB}.Debug|Any CPU.ActiveCfg = Debug|Any CPU
		{F47C196B-758D-4C05-8918-FB63C61649EB}.Debug|Any CPU.Build.0 = Debug|Any CPU
		{F47C196B-758D-4C05-8918-FB63C61649EB}.Release|Any CPU.ActiveCfg = Release|Any CPU
		{F47C196B-758D-4C05-8918-FB63C61649EB}.Release|Any CPU.Build.0 = Release|Any CPU
		{69E01D54-C430-4A1E-989E-5A61AB4C5B54}.Debug|Any CPU.ActiveCfg = Debug|Any CPU
		{69E01D54-C430-4A1E-989E-5A61AB4C5B54}.Debug|Any CPU.Build.0 = Debug|Any CPU
		{69E01D54-C430-4A1E-989E-5A61AB4C5B54}.Release|Any CPU.ActiveCfg = Release|Any CPU
		{69E01D54-C430-4A1E-989E-5A61AB4C5B54}.Release|Any CPU.Build.0 = Release|Any CPU
	EndGlobalSection
	GlobalSection(SolutionProperties) = preSolution
		HideSolutionNode = FALSE
	EndGlobalSection
	GlobalSection(NestedProjects) = preSolution
		{EA6BBF15-2CFB-428F-80CB-9CEC546900CD} = {2860FD4D-510F-43C8-870E-5559B90D0CAD}
		{E2E38FDD-69EB-4071-AD7B-59B6C01A8194} = {2860FD4D-510F-43C8-870E-5559B90D0CAD}
		{7D4BA787-5ACB-45D1-A792-0464BFC7BA3F} = {50434E05-0F21-4871-AFB3-A483CEE4A300}
		{DE6078FD-4A73-4819-B505-EA4871F40991} = {50434E05-0F21-4871-AFB3-A483CEE4A300}
		{8B09EBB3-F8D5-483D-AFD6-FCCC5F186324} = {2860FD4D-510F-43C8-870E-5559B90D0CAD}
		{875580F4-BFDE-408D-BE06-AAB18E45A50B} = {2860FD4D-510F-43C8-870E-5559B90D0CAD}
		{2EABF754-C498-4532-BB5C-A5F101E51013} = {50434E05-0F21-4871-AFB3-A483CEE4A300}
		{C1F3CFF0-50EC-4204-A987-7F950878AEFB} = {50434E05-0F21-4871-AFB3-A483CEE4A300}
		{29D24A08-958D-4237-83BF-5C8E815D9F38} = {50434E05-0F21-4871-AFB3-A483CEE4A300}
		{7B2AD95A-DC06-4FDC-9545-448C4B7A554B} = {2860FD4D-510F-43C8-870E-5559B90D0CAD}
		{FAD909B7-94A9-4ECA-AA63-DF6C95188566} = {50434E05-0F21-4871-AFB3-A483CEE4A300}
		{201917F4-0557-46AE-B532-A4CC801AF5A7} = {50434E05-0F21-4871-AFB3-A483CEE4A300}
		{C1029341-6EC0-4D83-AC9B-D4DA686237B4} = {2860FD4D-510F-43C8-870E-5559B90D0CAD}
		{B63DFEE8-7964-4DC3-9DD5-8E11319B8EA9} = {50434E05-0F21-4871-AFB3-A483CEE4A300}
		{638851EF-B000-490C-9035-A962279A3E9B} = {2860FD4D-510F-43C8-870E-5559B90D0CAD}
		{84D55BE2-7DAD-4CA3-A3E2-EFB4D41FA3CA} = {2860FD4D-510F-43C8-870E-5559B90D0CAD}
		{F47C196B-758D-4C05-8918-FB63C61649EB} = {50434E05-0F21-4871-AFB3-A483CEE4A300}
		{69E01D54-C430-4A1E-989E-5A61AB4C5B54} = {2860FD4D-510F-43C8-870E-5559B90D0CAD}
	EndGlobalSection
	GlobalSection(ExtensibilityGlobals) = postSolution
		SolutionGuid = {01FD9B16-84B3-4D99-80C1-11B2F3D65B56}
	EndGlobalSection
EndGlobal
